{
  "requires": true,
  "lockfileVersion": 1,
  "dependencies": {
    "linspace": {
      "version": "1.0.0",
      "resolved": "https://registry.npmjs.org/linspace/-/linspace-1.0.0.tgz",
      "integrity": "sha1-N9ShIpRe0/ytQAnCofiCTAHCJs8=",
      "requires": {
        "lodash.range": "3.1.7"
      }
    },
    "lodash.range": {
      "version": "3.1.7",
      "resolved": "https://registry.npmjs.org/lodash.range/-/lodash.range-3.1.7.tgz",
      "integrity": "sha1-CueQAGngGNtEs/clW16488ridWI="
    },
    "simple-statistics": {
      "version": "6.0.0",
      "resolved": "https://registry.npmjs.org/simple-statistics/-/simple-statistics-6.0.0.tgz",
      "integrity": "sha512-Z6EJwh1ZbdQ8HxKPI4fQiqv77ic00cwsoEjOC0V1WCxGTMhBDhnnVPipd1+OWU3W79I1kHzMj7+V+9f5eHtWYw=="
    },
    "underscore": {
      "version": "1.9.0",
      "resolved": "https://registry.npmjs.org/underscore/-/underscore-1.9.0.tgz",
      "integrity": "sha512-4IV1DSSxC1QK48j9ONFK1MoIAKKkbE8i7u55w2R6IqBqbT7A/iG7aZBCR2Bi8piF0Uz+i/MG1aeqLwl/5vqF+A=="
    }
  }
}
